// !$*UTF8*$!
{
	archiveVersion = 1;
	classes = {
	};
	objectVersion = 77;
	objects = {

/* Begin PBXContainerItemProxy section */
		846A96532F2D8A96007E33ED /* PBXContainerItemProxy */ = {
			isa = PBXContainerItemProxy;
			containerPortal = 846A963D2F2D8A95007E33ED /* Project object */;
			proxyType = 1;
			remoteGlobalIDString = 846A96442F2D8A95007E33ED;
			remoteInfo = CatWallet;
		};
		846A965D2F2D8A96007E33ED /* PBXContainerItemProxy */ = {
			isa = PBXContainerItemProxy;
			containerPortal = 846A963D2F2D8A95007E33ED /* Project object */;
			proxyType = 1;
			remoteGlobalIDString = 846A96442F2D8A95007E33ED;
			remoteInfo = CatWallet;
		};
/* End PBXContainerItemProxy section */

/* Begin PBXFileReference section */
		846A96452F2D8A95007E33ED /* CatWallet.app */ = {isa = PBXFileReference; explicitFileType = wrapper.application; includeInIndex = 0; path = CatWallet.app; sourceTree = BUILT_PRODUCTS_DIR; };
		846A96522F2D8A96007E33ED /* CatWalletTests.xctest */ = {isa = PBXFileReference; explicitFileType = wrapper.cfbundle; includeInIndex = 0; path = CatWalletTests.xctest; sourceTree = BUILT_PRODUCTS_DIR; };
		846A965C2F2D8A96007E33ED /* CatWalletUITests.xctest */ = {isa = PBXFileReference; explicitFileType = wrapper.cfbundle; includeInIndex = 0; path = CatWalletUITests.xctest; sourceTree = BUILT_PRODUCTS_DIR; };
/* End PBXFileReference section */

/* Begin PBXFileSystemSynchronizedRootGroup section */
		846A96472F2D8A95007E33ED /* CatWallet */ = {
			isa = PBXFileSystemSynchronizedRootGroup;
			path = CatWallet;
			sourceTree = "<group>";
		};
		846A96552F2D8A96007E33ED /* CatWalletTests */ = {
			isa = PBXFileSystemSynchronizedRootGroup;
			path = CatWalletTests;
			sourceTree = "<group>";
		};
		846A965F2F2D8A96007E33ED /* CatWalletUITests */ = {
			isa = PBXFileSystemSynchronizedRootGroup;
			path = CatWalletUITests;
			sourceTree = "<group>";
		};
/* End PBXFileSystemSynchronizedRootGroup section */

/* Begin PBXFrameworksBuildPhase section */
		846A96422F2D8A95007E33ED /* Frameworks */ = {
			isa = PBXFrameworksBuildPhase;
			buildActionMask = 2147483647;
			files = (
			);
			runOnlyForDeploymentPostprocessing = 0;
		};
		846A964F2F2D8A96007E33ED /* Frameworks */ = {
			isa = PBXFrameworksBuildPhase;
			buildActionMask = 2147483647;
			files = (
			);
			runOnlyForDeploymentPostprocessing = 0;
		};
		846A96592F2D8A96007E33ED /* Frameworks */ = {
			isa = PBXFrameworksBuildPhase;
			buildActionMask = 2147483647;
			files = (
			);
			runOnlyForDeploymentPostprocessing = 0;
		};
/* End PBXFrameworksBuildPhase section */

/* Begin PBXGroup section */
		846A963C2F2D8A95007E33ED = {
			isa = PBXGroup;
			children = (
				846A96472F2D8A95007E33ED /* CatWallet */,
				846A96552F2D8A96007E33ED /* CatWalletTests */,
				846A965F2F2D8A96007E33ED /* CatWalletUITests */,
				846A96462F2D8A95007E33ED /* Products */,
			);
			sourceTree = "<group>";
		};
		846A96462F2D8A95007E33ED /* Products */ = {
			isa = PBXGroup;
			children = (
				846A96452F2D8A95007E33ED /* CatWallet.app */,
				846A96522F2D8A96007E33ED /* CatWalletTests.xctest */,
				846A965C2F2D8A96007E33ED /* CatWalletUITests.xctest */,
			);
			name = Products;
			sourceTree = "<group>";
		};
/* End PBXGroup section */

/* Begin PBXNativeTarget section */
		846A96442F2D8A95007E33ED /* CatWallet */ = {
			isa = PBXNativeTarget;
			buildConfigurationList = 846A96662F2D8A96007E33ED /* Build configuration list for PBXNativeTarget "CatWallet" */;
			buildPhases = (
				846A96412F2D8A95007E33ED /* Sources */,
				846A96422F2D8A95007E33ED /* Frameworks */,
				846A96432F2D8A95007E33ED /* Resources */,
				846A96AC2F2DAD4C007E33ED /* SwiftGen */,
				846A96E92F2DB2B5007E33ED /* Swiftlint */,
			);
			buildRules = (
			);
			dependencies = (
			);
			fileSystemSynchronizedGroups = (
				846A96472F2D8A95007E33ED /* CatWallet */,
			);
			name = CatWallet;
			packageProductDependencies = (
			);
			productName = CatWallet;
			productReference = 846A96452F2D8A95007E33ED /* CatWallet.app */;
			productType = "com.apple.product-type.application";
		};
		846A96512F2D8A96007E33ED /* CatWalletTests */ = {
			isa = PBXNativeTarget;
			buildConfigurationList = 846A96692F2D8A96007E33ED /* Build configuration list for PBXNativeTarget "CatWalletTests" */;
			buildPhases = (
				846A964E2F2D8A96007E33ED /* Sources */,
				846A964F2F2D8A96007E33ED /* Frameworks */,
				846A96502F2D8A96007E33ED /* Resources */,
			);
			buildRules = (
			);
			dependencies = (
				846A96542F2D8A96007E33ED /* PBXTargetDependency */,
			);
			fileSystemSynchronizedGroups = (
				846A96552F2D8A96007E33ED /* CatWalletTests */,
			);
			name = CatWalletTests;
			packageProductDependencies = (
			);
			productName = CatWalletTests;
			productReference = 846A96522F2D8A96007E33ED /* CatWalletTests.xctest */;
			productType = "com.apple.product-type.bundle.unit-test";
		};
		846A965B2F2D8A96007E33ED /* CatWalletUITests */ = {
			isa = PBXNativeTarget;
			buildConfigurationList = 846A966C2F2D8A96007E33ED /* Build configuration list for PBXNativeTarget "CatWalletUITests" */;
			buildPhases = (
				846A96582F2D8A96007E33ED /* Sources */,
				846A96592F2D8A96007E33ED /* Frameworks */,
				846A965A2F2D8A96007E33ED /* Resources */,
			);
			buildRules = (
			);
			dependencies = (
				846A965E2F2D8A96007E33ED /* PBXTargetDependency */,
			);
			fileSystemSynchronizedGroups = (
				846A965F2F2D8A96007E33ED /* CatWalletUITests */,
			);
			name = CatWalletUITests;
			packageProductDependencies = (
			);
			productName = CatWalletUITests;
			productReference = 846A965C2F2D8A96007E33ED /* CatWalletUITests.xctest */;
			productType = "com.apple.product-type.bundle.ui-testing";
		};
/* End PBXNativeTarget section */

/* Begin PBXProject section */
		846A963D2F2D8A95007E33ED /* Project object */ = {
			isa = PBXProject;
			attributes = {
				BuildIndependentTargetsInParallel = 1;
				LastSwiftUpdateCheck = 2620;
				LastUpgradeCheck = 2620;
				TargetAttributes = {
					846A96442F2D8A95007E33ED = {
						CreatedOnToolsVersion = 26.2;
					};
					846A96512F2D8A96007E33ED = {
						CreatedOnToolsVersion = 26.2;
						TestTargetID = 846A96442F2D8A95007E33ED;
					};
					846A965B2F2D8A96007E33ED = {
						CreatedOnToolsVersion = 26.2;
						TestTargetID = 846A96442F2D8A95007E33ED;
					};
				};
			};
			buildConfigurationList = 846A96402F2D8A95007E33ED /* Build configuration list for PBXProject "CatWallet" */;
			developmentRegion = en;
			hasScannedForEncodings = 0;
			knownRegions = (
				en,
				Base,
			);
			mainGroup = 846A963C2F2D8A95007E33ED;
			minimizedProjectReferenceProxies = 1;
			preferredProjectObjectVersion = 77;
			productRefGroup = 846A96462F2D8A95007E33ED /* Products */;
			projectDirPath = "";
			projectRoot = "";
			targets = (
				846A96442F2D8A95007E33ED /* CatWallet */,
				846A96512F2D8A96007E33ED /* CatWalletTests */,
				846A965B2F2D8A96007E33ED /* CatWalletUITests */,
			);
		};
/* End PBXProject section */

/* Begin PBXResourcesBuildPhase section */
		846A96432F2D8A95007E33ED /* Resources */ = {
			isa = PBXResourcesBuildPhase;
			buildActionMask = 2147483647;
			files = (
			);
			runOnlyForDeploymentPostprocessing = 0;
		};
		846A96502F2D8A96007E33ED /* Resources */ = {
			isa = PBXResourcesBuildPhase;
			buildActionMask = 2147483647;
			files = (
			);
			runOnlyForDeploymentPostprocessing = 0;
		};
		846A965A2F2D8A96007E33ED /* Resources */ = {
			isa = PBXResourcesBuildPhase;
			buildActionMask = 2147483647;
			files = (
			);
			runOnlyForDeploymentPostprocessing = 0;
		};
/* End PBXResourcesBuildPhase section */

/* Begin PBXShellScriptBuildPhase section */
		846A96AC2F2DAD4C007E33ED /* SwiftGen */ = {
			isa = PBXShellScriptBuildPhase;
			buildActionMask = 2147483647;
			files = (
			);
			inputFileListPaths = (
			);
			inputPaths = (
			);
			name = SwiftGen;
			outputFileListPaths = (
			);
			outputPaths = (
				"$(DERIVED_FILE_DIR)/SwiftGen",
			);
			runOnlyForDeploymentPostprocessing = 0;
			shellPath = /bin/sh;
			shellScript = "#!/bin/bash\nset -euo pipefail\n\nexport PATH=\"$PATH:/opt/homebrew/bin\"\n\nCONFIG_PATH=\"../swiftgen.yml\"\nif which swiftgen >/dev/null; then\n    # Display which binary is being used\n    echo \"🔍 Swiftgen binary: $(which swiftgen)\"\n    echo \"📄 Using config: $CONFIG_PATH\"\n    # Run sourcery\n    swiftgen config run --config \"$CONFIG_PATH\" \nelse\n    echo \"Swiftgen not installed. Skipping Swiftgen.\"\nfi\n";
		};
		846A96E92F2DB2B5007E33ED /* Swiftlint */ = {
			isa = PBXShellScriptBuildPhase;
			buildActionMask = 2147483647;
			files = (
			);
			inputFileListPaths = (
			);
			inputPaths = (
			);
			name = Swiftlint;
			outputFileListPaths = (
			);
			outputPaths = (
				"$(DERIVED_FILE_DIR)/SwiftLint",
			);
			runOnlyForDeploymentPostprocessing = 0;
			shellPath = /bin/sh;
			shellScript = "#!/bin/bash\n\nset -euo pipefail\n\nexport PATH=\"$PATH:/opt/homebrew/bin\"\n# Path to the SwiftLint config file (one directory up)\nCONFIG_PATH=\"../.swiftlint.yml\"\nif which swiftlint >/dev/null; then\n    # Display which binary is being used\n    echo \"🔍 SwiftLint binary: $(which swiftlint)\"\n    echo \"📄 Using config: $CONFIG_PATH\"\n\n    # Run SwiftLint with fix mode first, then normal lint\n    swiftlint --config \"$CONFIG_PATH\" --fix\n    swiftlint --config \"$CONFIG_PATH\"\nelse\n    echo \"SwiftLint not installed. Skipping SwiftLint autofix.\"\nfi\n";
		};
/* End PBXShellScriptBuildPhase section */

/* Begin PBXSourcesBuildPhase section */
		846A96412F2D8A95007E33ED /* Sources */ = {
			isa = PBXSourcesBuildPhase;
			buildActionMask = 2147483647;
			files = (
			);
			runOnlyForDeploymentPostprocessing = 0;
		};
		846A964E2F2D8A96007E33ED /* Sources */ = {
			isa = PBXSourcesBuildPhase;
			buildActionMask = 2147483647;
			files = (
			);
			runOnlyForDeploymentPostprocessing = 0;
		};
		846A96582F2D8A96007E33ED /* Sources */ = {
			isa = PBXSourcesBuildPhase;
			buildActionMask = 2147483647;
			files = (
			);
			runOnlyForDeploymentPostprocessing = 0;
		};
/* End PBXSourcesBuildPhase section */

/* Begin PBXTargetDependency section */
		846A96542F2D8A96007E33ED /* PBXTargetDependency */ = {
			isa = PBXTargetDependency;
			target = 846A96442F2D8A95007E33ED /* CatWallet */;
			targetProxy = 846A96532F2D8A96007E33ED /* PBXContainerItemProxy */;
		};
		846A965E2F2D8A96007E33ED /* PBXTargetDependency */ = {
			isa = PBXTargetDependency;
			target = 846A96442F2D8A95007E33ED /* CatWallet */;
			targetProxy = 846A965D2F2D8A96007E33ED /* PBXContainerItemProxy */;
		};
/* End PBXTargetDependency section */

/* Begin XCBuildConfiguration section */
		846A96642F2D8A96007E33ED /* Debug */ = {
			isa = XCBuildConfiguration;
			buildSettings = {
				ALWAYS_SEARCH_USER_PATHS = NO;
				ASSETCATALOG_COMPILER_GENERATE_SWIFT_ASSET_SYMBOL_EXTENSIONS = YES;
				CLANG_ANALYZER_NONNULL = YES;
				CLANG_ANALYZER_NUMBER_OBJECT_CONVERSION = YES_AGGRESSIVE;
				CLANG_CXX_LANGUAGE_STANDARD = "gnu++20";
				CLANG_ENABLE_MODULES = YES;
				CLANG_ENABLE_OBJC_ARC = YES;
				CLANG_ENABLE_OBJC_WEAK = YES;
				CLANG_WARN_BLOCK_CAPTURE_AUTORELEASING = YES;
				CLANG_WARN_BOOL_CONVERSION = YES;
				CLANG_WARN_COMMA = YES;
				CLANG_WARN_CONSTANT_CONVERSION = YES;
				CLANG_WARN_DEPRECATED_OBJC_IMPLEMENTATIONS = YES;
				CLANG_WARN_DIRECT_OBJC_ISA_USAGE = YES_ERROR;
				CLANG_WARN_DOCUMENTATION_COMMENTS = YES;
				CLANG_WARN_EMPTY_BODY = YES;
				CLANG_WARN_ENUM_CONVERSION = YES;
				CLANG_WARN_INFINITE_RECURSION = YES;
				CLANG_WARN_INT_CONVERSION = YES;
				CLANG_WARN_NON_LITERAL_NULL_CONVERSION = YES;
				CLANG_WARN_OBJC_IMPLICIT_RETAIN_SELF = YES;
				CLANG_WARN_OBJC_LITERAL_CONVERSION = YES;
				CLANG_WARN_OBJC_ROOT_CLASS = YES_ERROR;
				CLANG_WARN_QUOTED_INCLUDE_IN_FRAMEWORK_HEADER = YES;
				CLANG_WARN_RANGE_LOOP_ANALYSIS = YES;
				CLANG_WARN_STRICT_PROTOTYPES = YES;
				CLANG_WARN_SUSPICIOUS_MOVE = YES;
				CLANG_WARN_UNGUARDED_AVAILABILITY = YES_AGGRESSIVE;
				CLANG_WARN_UNREACHABLE_CODE = YES;
				CLANG_WARN__DUPLICATE_METHOD_MATCH = YES;
				COPY_PHASE_STRIP = NO;
				DEBUG_INFORMATION_FORMAT = dwarf;
				DEVELOPMENT_TEAM = 6B3KLDJ2ND;
				ENABLE_STRICT_OBJC_MSGSEND = YES;
				ENABLE_TESTABILITY = YES;
				ENABLE_USER_SCRIPT_SANDBOXING = YES;
				GCC_C_LANGUAGE_STANDARD = gnu17;
				GCC_DYNAMIC_NO_PIC = NO;
				GCC_NO_COMMON_BLOCKS = YES;
				GCC_OPTIMIZATION_LEVEL = 0;
				GCC_PREPROCESSOR_DEFINITIONS = (
					"DEBUG=1",
					"$(inherited)",
				);
				GCC_WARN_64_TO_32_BIT_CONVERSION = YES;
				GCC_WARN_ABOUT_RETURN_TYPE = YES_ERROR;
				GCC_WARN_UNDECLARED_SELECTOR = YES;
				GCC_WARN_UNINITIALIZED_AUTOS = YES_AGGRESSIVE;
				GCC_WARN_UNUSED_FUNCTION = YES;
				GCC_WARN_UNUSED_VARIABLE = YES;
				IPHONEOS_DEPLOYMENT_TARGET = 26.2;
				LOCALIZATION_PREFERS_STRING_CATALOGS = YES;
				MTL_ENABLE_DEBUG_INFO = INCLUDE_SOURCE;
				MTL_FAST_MATH = YES;
				ONLY_ACTIVE_ARCH = YES;
				SDKROOT = iphoneos;
				SWIFT_ACTIVE_COMPILATION_CONDITIONS = "DEBUG $(inherited)";
				SWIFT_OPTIMIZATION_LEVEL = "-Onone";
			};
			name = Debug;
		};
		846A96652F2D8A96007E33ED /* Release */ = {
			isa = XCBuildConfiguration;
			buildSettings = {
				ALWAYS_SEARCH_USER_PATHS = NO;
				ASSETCATALOG_COMPILER_GENERATE_SWIFT_ASSET_SYMBOL_EXTENSIONS = YES;
				CLANG_ANALYZER_NONNULL = YES;
				CLANG_ANALYZER_NUMBER_OBJECT_CONVERSION = YES_AGGRESSIVE;
				CLANG_CXX_LANGUAGE_STANDARD = "gnu++20";
				CLANG_ENABLE_MODULES = YES;
				CLANG_ENABLE_OBJC_ARC = YES;
				CLANG_ENABLE_OBJC_WEAK = YES;
				CLANG_WARN_BLOCK_CAPTURE_AUTORELEASING = YES;
				CLANG_WARN_BOOL_CONVERSION = YES;
				CLANG_WARN_COMMA = YES;
				CLANG_WARN_CONSTANT_CONVERSION = YES;
				CLANG_WARN_DEPRECATED_OBJC_IMPLEMENTATIONS = YES;
				CLANG_WARN_DIRECT_OBJC_ISA_USAGE = YES_ERROR;
				CLANG_WARN_DOCUMENTATION_COMMENTS = YES;
				CLANG_WARN_EMPTY_BODY = YES;
				CLANG_WARN_ENUM_CONVERSION = YES;
				CLANG_WARN_INFINITE_RECURSION = YES;
				CLANG_WARN_INT_CONVERSION = YES;
				CLANG_WARN_NON_LITERAL_NULL_CONVERSION = YES;
				CLANG_WARN_OBJC_IMPLICIT_RETAIN_SELF = YES;
				CLANG_WARN_OBJC_LITERAL_CONVERSION = YES;
				CLANG_WARN_OBJC_ROOT_CLASS = YES_ERROR;
				CLANG_WARN_QUOTED_INCLUDE_IN_FRAMEWORK_HEADER = YES;
				CLANG_WARN_RANGE_LOOP_ANALYSIS = YES;
				CLANG_WARN_STRICT_PROTOTYPES = YES;
				CLANG_WARN_SUSPICIOUS_MOVE = YES;
				CLANG_WARN_UNGUARDED_AVAILABILITY = YES_AGGRESSIVE;
				CLANG_WARN_UNREACHABLE_CODE = YES;
				CLANG_WARN__DUPLICATE_METHOD_MATCH = YES;
				COPY_PHASE_STRIP = NO;
				DEBUG_INFORMATION_FORMAT = "dwarf-with-dsym";
				DEVELOPMENT_TEAM = 6B3KLDJ2ND;
				ENABLE_NS_ASSERTIONS = NO;
				ENABLE_STRICT_OBJC_MSGSEND = YES;
				ENABLE_USER_SCRIPT_SANDBOXING = YES;
				GCC_C_LANGUAGE_STANDARD = gnu17;
				GCC_NO_COMMON_BLOCKS = YES;
				GCC_WARN_64_TO_32_BIT_CONVERSION = YES;
				GCC_WARN_ABOUT_RETURN_TYPE = YES_ERROR;
				GCC_WARN_UNDECLARED_SELECTOR = YES;
				GCC_WARN_UNINITIALIZED_AUTOS = YES_AGGRESSIVE;
				GCC_WARN_UNUSED_FUNCTION = YES;
				GCC_WARN_UNUSED_VARIABLE = YES;
				IPHONEOS_DEPLOYMENT_TARGET = 26.2;
				LOCALIZATION_PREFERS_STRING_CATALOGS = YES;
				MTL_ENABLE_DEBUG_INFO = NO;
				MTL_FAST_MATH = YES;
				SDKROOT = iphoneos;
				SWIFT_COMPILATION_MODE = wholemodule;
				VALIDATE_PRODUCT = YES;
			};
			name = Release;
		};
		846A96672F2D8A96007E33ED /* Debug */ = {
			isa = XCBuildConfiguration;
			buildSettings = {
				ASSETCATALOG_COMPILER_APPICON_NAME = AppIcon;
				ASSETCATALOG_COMPILER_GLOBAL_ACCENT_COLOR_NAME = AccentColor;
				CODE_SIGN_STYLE = Automatic;
				CURRENT_PROJECT_VERSION = 1;
				DEVELOPMENT_TEAM = 6B3KLDJ2ND;
				ENABLE_PREVIEWS = YES;
				ENABLE_USER_SCRIPT_SANDBOXING = NO;
				GENERATE_INFOPLIST_FILE = YES;
				INFOPLIST_KEY_UIApplicationSceneManifest_Generation = YES;
				INFOPLIST_KEY_UIApplicationSupportsIndirectInputEvents = YES;
				INFOPLIST_KEY_UILaunchScreen_Generation = YES;
				INFOPLIST_KEY_UISupportedInterfaceOrientations_iPad = "UIInterfaceOrientationPortrait UIInterfaceOrientationPortraitUpsideDown UIInterfaceOrientationLandscapeLeft UIInterfaceOrientationLandscapeRight";
				INFOPLIST_KEY_UISupportedInterfaceOrientations_iPhone = "UIInterfaceOrientationPortrait UIInterfaceOrientationLandscapeLeft UIInterfaceOrientationLandscapeRight";
				LD_RUNPATH_SEARCH_PATHS = (
					"$(inherited)",
					"@executable_path/Frameworks",
				);
				MARKETING_VERSION = 1.0;
				PRODUCT_BUNDLE_IDENTIFIER = "andres-perdomo.CatWallet";
				PRODUCT_NAME = "$(TARGET_NAME)";
				STRING_CATALOG_GENERATE_SYMBOLS = YES;
				SWIFT_APPROACHABLE_CONCURRENCY = YES;
				SWIFT_DEFAULT_ACTOR_ISOLATION = MainActor;
				SWIFT_EMIT_LOC_STRINGS = YES;
				SWIFT_UPCOMING_FEATURE_MEMBER_IMPORT_VISIBILITY = YES;
				SWIFT_VERSION = 5.0;
				TARGETED_DEVICE_FAMILY = "1,2";
			};
			name = Debug;
		};
		846A96682F2D8A96007E33ED /* Release */ = {
			isa = XCBuildConfiguration;
			buildSettings = {
				ASSETCATALOG_COMPILER_APPICON_NAME = AppIcon;
				ASSETCATALOG_COMPILER_GLOBAL_ACCENT_COLOR_NAME = AccentColor;
				CODE_SIGN_STYLE = Automatic;
				CURRENT_PROJECT_VERSION = 1;
				DEVELOPMENT_TEAM = 6B3KLDJ2ND;
				ENABLE_PREVIEWS = YES;
				ENABLE_USER_SCRIPT_SANDBOXING = NO;
				GENERATE_INFOPLIST_FILE = YES;
				INFOPLIST_KEY_UIApplicationSceneManifest_Generation = YES;
				INFOPLIST_KEY_UIApplicationSupportsIndirectInputEvents = YES;
				INFOPLIST_KEY_UILaunchScreen_Generation = YES;
				INFOPLIST_KEY_UISupportedInterfaceOrientations_iPad = "UIInterfaceOrientationPortrait UIInterfaceOrientationPortraitUpsideDown UIInterfaceOrientationLandscapeLeft UIInterfaceOrientationLandscapeRight";
				INFOPLIST_KEY_UISupportedInterfaceOrientations_iPhone = "UIInterfaceOrientationPortrait UIInterfaceOrientationLandscapeLeft UIInterfaceOrientationLandscapeRight";
				LD_RUNPATH_SEARCH_PATHS = (
					"$(inherited)",
					"@executable_path/Frameworks",
				);
				MARKETING_VERSION = 1.0;
				PRODUCT_BUNDLE_IDENTIFIER = "andres-perdomo.CatWallet";
				PRODUCT_NAME = "$(TARGET_NAME)";
				STRING_CATALOG_GENERATE_SYMBOLS = YES;
				SWIFT_APPROACHABLE_CONCURRENCY = YES;
				SWIFT_DEFAULT_ACTOR_ISOLATION = MainActor;
				SWIFT_EMIT_LOC_STRINGS = YES;
				SWIFT_UPCOMING_FEATURE_MEMBER_IMPORT_VISIBILITY = YES;
				SWIFT_VERSION = 5.0;
				TARGETED_DEVICE_FAMILY = "1,2";
			};
			name = Release;
		};
		846A966A2F2D8A96007E33ED /* Debug */ = {
			isa = XCBuildConfiguration;
			buildSettings = {
				BUNDLE_LOADER = "$(TEST_HOST)";
				CODE_SIGN_STYLE = Automatic;
				CURRENT_PROJECT_VERSION = 1;
				DEVELOPMENT_TEAM = 6B3KLDJ2ND;
				GENERATE_INFOPLIST_FILE = YES;
				IPHONEOS_DEPLOYMENT_TARGET = 26.2;
				MARKETING_VERSION = 1.0;
				PRODUCT_BUNDLE_IDENTIFIER = "andres-perdomo.CatWalletTests";
				PRODUCT_NAME = "$(TARGET_NAME)";
				STRING_CATALOG_GENERATE_SYMBOLS = NO;
				SWIFT_APPROACHABLE_CONCURRENCY = YES;
				SWIFT_EMIT_LOC_STRINGS = NO;
				SWIFT_UPCOMING_FEATURE_MEMBER_IMPORT_VISIBILITY = YES;
				SWIFT_VERSION = 5.0;
				TARGETED_DEVICE_FAMILY = "1,2";
				TEST_HOST = "$(BUILT_PRODUCTS_DIR)/CatWallet.app/$(BUNDLE_EXECUTABLE_FOLDER_PATH)/CatWallet";
			};
			name = Debug;
		};
		846A966B2F2D8A96007E33ED /* Release */ = {
			isa = XCBuildConfiguration;
			buildSettings = {
				BUNDLE_LOADER = "$(TEST_HOST)";
				CODE_SIGN_STYLE = Automatic;
				CURRENT_PROJECT_VERSION = 1;
				DEVELOPMENT_TEAM = 6B3KLDJ2ND;
				GENERATE_INFOPLIST_FILE = YES;
				IPHONEOS_DEPLOYMENT_TARGET = 26.2;
				MARKETING_VERSION = 1.0;
				PRODUCT_BUNDLE_IDENTIFIER = "andres-perdomo.CatWalletTests";
				PRODUCT_NAME = "$(TARGET_NAME)";
				STRING_CATALOG_GENERATE_SYMBOLS = NO;
				SWIFT_APPROACHABLE_CONCURRENCY = YES;
				SWIFT_EMIT_LOC_STRINGS = NO;
				SWIFT_UPCOMING_FEATURE_MEMBER_IMPORT_VISIBILITY = YES;
				SWIFT_VERSION = 5.0;
				TARGETED_DEVICE_FAMILY = "1,2";
				TEST_HOST = "$(BUILT_PRODUCTS_DIR)/CatWallet.app/$(BUNDLE_EXECUTABLE_FOLDER_PATH)/CatWallet";
			};
			name = Release;
		};
		846A966D2F2D8A96007E33ED /* Debug */ = {
			isa = XCBuildConfiguration;
			buildSettings = {
				CODE_SIGN_STYLE = Automatic;
				CURRENT_PROJECT_VERSION = 1;
				DEVELOPMENT_TEAM = 6B3KLDJ2ND;
				GENERATE_INFOPLIST_FILE = YES;
				MARKETING_VERSION = 1.0;
				PRODUCT_BUNDLE_IDENTIFIER = "andres-perdomo.CatWalletUITests";
				PRODUCT_NAME = "$(TARGET_NAME)";
				STRING_CATALOG_GENERATE_SYMBOLS = NO;
				SWIFT_APPROACHABLE_CONCURRENCY = YES;
				SWIFT_EMIT_LOC_STRINGS = NO;
				SWIFT_UPCOMING_FEATURE_MEMBER_IMPORT_VISIBILITY = YES;
				SWIFT_VERSION = 5.0;
				TARGETED_DEVICE_FAMILY = "1,2";
				TEST_TARGET_NAME = CatWallet;
			};
			name = Debug;
		};
		846A966E2F2D8A96007E33ED /* Release */ = {
			isa = XCBuildConfiguration;
			buildSettings = {
				CODE_SIGN_STYLE = Automatic;
				CURRENT_PROJECT_VERSION = 1;
				DEVELOPMENT_TEAM = 6B3KLDJ2ND;
				GENERATE_INFOPLIST_FILE = YES;
				MARKETING_VERSION = 1.0;
				PRODUCT_BUNDLE_IDENTIFIER = "andres-perdomo.CatWalletUITests";
				PRODUCT_NAME = "$(TARGET_NAME)";
				STRING_CATALOG_GENERATE_SYMBOLS = NO;
				SWIFT_APPROACHABLE_CONCURRENCY = YES;
				SWIFT_EMIT_LOC_STRINGS = NO;
				SWIFT_UPCOMING_FEATURE_MEMBER_IMPORT_VISIBILITY = YES;
				SWIFT_VERSION = 5.0;
				TARGETED_DEVICE_FAMILY = "1,2";
				TEST_TARGET_NAME = CatWallet;
			};
			name = Release;
		};
/* End XCBuildConfiguration section */

/* Begin XCConfigurationList section */
		846A96402F2D8A95007E33ED /* Build configuration list for PBXProject "CatWallet" */ = {
			isa = XCConfigurationList;
			buildConfigurations = (
				846A96642F2D8A96007E33ED /* Debug */,
				846A96652F2D8A96007E33ED /* Release */,
			);
			defaultConfigurationIsVisible = 0;
			defaultConfigurationName = Release;
		};
		846A96662F2D8A96007E33ED /* Build configuration list for PBXNativeTarget "CatWallet" */ = {
			isa = XCConfigurationList;
			buildConfigurations = (
				846A96672F2D8A96007E33ED /* Debug */,
				846A96682F2D8A96007E33ED /* Release */,
			);
			defaultConfigurationIsVisible = 0;
			defaultConfigurationName = Release;
		};
		846A96692F2D8A96007E33ED /* Build configuration list for PBXNativeTarget "CatWalletTests" */ = {
			isa = XCConfigurationList;
			buildConfigurations = (
				846A966A2F2D8A96007E33ED /* Debug */,
				846A966B2F2D8A96007E33ED /* Release */,
			);
			defaultConfigurationIsVisible = 0;
			defaultConfigurationName = Release;
		};
		846A966C2F2D8A96007E33ED /* Build configuration list for PBXNativeTarget "CatWalletUITests" */ = {
			isa = XCConfigurationList;
			buildConfigurations = (
				846A966D2F2D8A96007E33ED /* Debug */,
				846A966E2F2D8A96007E33ED /* Release */,
			);
			defaultConfigurationIsVisible = 0;
			defaultConfigurationName = Release;
		};
/* End XCConfigurationList section */
	};
	rootObject = 846A963D2F2D8A95007E33ED /* Project object */;
}
